
Microsoft Visual Studio Solution File, Format Version 12.00
# Visual Studio 15
Project("{FAE04EC0-301F-11D3-BF4B-00C04F79EFBC}") = "ScanPDF", "ScanPDF\ScanPDF\ScanPDF.csproj", "{C2AFC502-8304-44D5-8EAE-880A0D944A96}"
EndProject
Project("{FAE04EC0-301F-11D3-BF4B-00C04F79EFBC}") = "ScanPDF.Android", "ScanPDF\ScanPDF.Android\ScanPDF.Android.csproj", "{427FC761-5583-4AE3-83B5-020B6842711F}"
EndProject
Project("{FAE04EC0-301F-11D3-BF4B-00C04F79EFBC}") = "ScanPDF.iOS", "ScanPDF\ScanPDF.iOS\ScanPDF.iOS.csproj", "{88939B90-CBF1-499D-A3EB-58D07CDBBA17}"
EndProject
Global
	GlobalSection(SolutionConfigurationPlatforms) = preSolution
		Debug|Any CPU = Debug|Any CPU
		Release|Any CPU = Release|Any CPU
		Debug|iPhoneSimulator = Debug|iPhoneSimulator
		Release|iPhoneSimulator = Release|iPhoneSimulator
		Debug|iPhone = Debug|iPhone
		Release|iPhone = Release|iPhone
		Ad-Hoc|iPhone = Ad-Hoc|iPhone
		AppStore|iPhone = AppStore|iPhone
	EndGlobalSection
	GlobalSection(ProjectConfigurationPlatforms) = postSolution
		{C2AFC502-8304-44D5-8EAE-880A0D944A96}.Debug|Any CPU.ActiveCfg = Debug|Any CPU
		{C2AFC502-8304-44D5-8EAE-880A0D944A96}.Debug|Any CPU.Build.0 = Debug|Any CPU
		{C2AFC502-8304-44D5-8EAE-880A0D944A96}.Release|Any CPU.ActiveCfg = Release|Any CPU
		{C2AFC502-8304-44D5-8EAE-880A0D944A96}.Release|Any CPU.Build.0 = Release|Any CPU
		{C2AFC502-8304-44D5-8EAE-880A0D944A96}.Debug|iPhoneSimulator.ActiveCfg = Debug|Any CPU
		{C2AFC502-8304-44D5-8EAE-880A0D944A96}.Debug|iPhoneSimulator.Build.0 = Debug|Any CPU
		{C2AFC502-8304-44D5-8EAE-880A0D944A96}.Release|iPhoneSimulator.ActiveCfg = Release|Any CPU
		{C2AFC502-8304-44D5-8EAE-880A0D944A96}.Release|iPhoneSimulator.Build.0 = Release|Any CPU
		{C2AFC502-8304-44D5-8EAE-880A0D944A96}.Debug|iPhone.ActiveCfg = Debug|Any CPU
		{C2AFC502-8304-44D5-8EAE-880A0D944A96}.Debug|iPhone.Build.0 = Debug|Any CPU
		{C2AFC502-8304-44D5-8EAE-880A0D944A96}.Release|iPhone.ActiveCfg = Release|Any CPU
		{C2AFC502-8304-44D5-8EAE-880A0D944A96}.Release|iPhone.Build.0 = Release|Any CPU
		{C2AFC502-8304-44D5-8EAE-880A0D944A96}.Ad-Hoc|iPhone.ActiveCfg = Debug|Any CPU
		{C2AFC502-8304-44D5-8EAE-880A0D944A96}.Ad-Hoc|iPhone.Build.0 = Debug|Any CPU
		{C2AFC502-8304-44D5-8EAE-880A0D944A96}.AppStore|iPhone.ActiveCfg = Debug|Any CPU
		{C2AFC502-8304-44D5-8EAE-880A0D944A96}.AppStore|iPhone.Build.0 = Debug|Any CPU
		{427FC761-5583-4AE3-83B5-020B6842711F}.Debug|Any CPU.ActiveCfg = Debug|Any CPU
		{427FC761-5583-4AE3-83B5-020B6842711F}.Debug|Any CPU.Build.0 = Debug|Any CPU
		{427FC761-5583-4AE3-83B5-020B6842711F}.Release|Any CPU.ActiveCfg = Release|Any CPU
		{427FC761-5583-4AE3-83B5-020B6842711F}.Release|Any CPU.Build.0 = Release|Any CPU
		{427FC761-5583-4AE3-83B5-020B6842711F}.Debug|iPhoneSimulator.ActiveCfg = Debug|Any CPU
		{427FC761-5583-4AE3-83B5-020B6842711F}.Debug|iPhoneSimulator.Build.0 = Debug|Any CPU
		{427FC761-5583-4AE3-83B5-020B6842711F}.Release|iPhoneSimulator.ActiveCfg = Release|Any CPU
		{427FC761-5583-4AE3-83B5-020B6842711F}.Release|iPhoneSimulator.Build.0 = Release|Any CPU
		{427FC761-5583-4AE3-83B5-020B6842711F}.Debug|iPhone.ActiveCfg = Debug|Any CPU
		{427FC761-5583-4AE3-83B5-020B6842711F}.Debug|iPhone.Build.0 = Debug|Any CPU
		{427FC761-5583-4AE3-83B5-020B6842711F}.Release|iPhone.ActiveCfg = Release|Any CPU
		{427FC761-5583-4AE3-83B5-020B6842711F}.Release|iPhone.Build.0 = Release|Any CPU
		{427FC761-5583-4AE3-83B5-020B6842711F}.Ad-Hoc|iPhone.ActiveCfg = Debug|Any CPU
		{427FC761-5583-4AE3-83B5-020B6842711F}.Ad-Hoc|iPhone.Build.0 = Debug|Any CPU
		{427FC761-5583-4AE3-83B5-020B6842711F}.AppStore|iPhone.ActiveCfg = Debug|Any CPU
		{427FC761-5583-4AE3-83B5-020B6842711F}.AppStore|iPhone.Build.0 = Debug|Any CPU
		{88939B90-CBF1-499D-A3EB-58D07CDBBA17}.Debug|Any CPU.ActiveCfg = Debug|iPhoneSimulator
		{88939B90-CBF1-499D-A3EB-58D07CDBBA17}.Debug|Any CPU.Build.0 = Debug|iPhoneSimulator
		{88939B90-CBF1-499D-A3EB-58D07CDBBA17}.Release|Any CPU.ActiveCfg = Release|iPhoneSimulator
		{88939B90-CBF1-499D-A3EB-58D07CDBBA17}.Release|Any CPU.Build.0 = Release|iPhoneSimulator
		{88939B90-CBF1-499D-A3EB-58D07CDBBA17}.Debug|iPhoneSimulator.ActiveCfg = Debug|iPhoneSimulator
		{88939B90-CBF1-499D-A3EB-58D07CDBBA17}.Debug|iPhoneSimulator.Build.0 = Debug|iPhoneSimulator
		{88939B90-CBF1-499D-A3EB-58D07CDBBA17}.Release|iPhoneSimulator.ActiveCfg = Release|iPhoneSimulator
		{88939B90-CBF1-499D-A3EB-58D07CDBBA17}.Release|iPhoneSimulator.Build.0 = Release|iPhoneSimulator
		{88939B90-CBF1-499D-A3EB-58D07CDBBA17}.Debug|iPhone.ActiveCfg = Debug|iPhone
		{88939B90-CBF1-499D-A3EB-58D07CDBBA17}.Debug|iPhone.Build.0 = Debug|iPhone
		{88939B90-CBF1-499D-A3EB-58D07CDBBA17}.Release|iPhone.ActiveCfg = Release|iPhone
		{88939B90-CBF1-499D-A3EB-58D07CDBBA17}.Release|iPhone.Build.0 = Release|iPhone
		{88939B90-CBF1-499D-A3EB-58D07CDBBA17}.Ad-Hoc|iPhone.ActiveCfg = Ad-Hoc|iPhone
		{88939B90-CBF1-499D-A3EB-58D07CDBBA17}.Ad-Hoc|iPhone.Build.0 = Ad-Hoc|iPhone
		{88939B90-CBF1-499D-A3EB-58D07CDBBA17}.AppStore|iPhone.ActiveCfg = AppStore|iPhone
		{88939B90-CBF1-499D-A3EB-58D07CDBBA17}.AppStore|iPhone.Build.0 = AppStore|iPhone
	EndGlobalSection
	GlobalSection(MonoDevelopProperties) = preSolution
		Policies = $0
		$0.TextStylePolicy = $1
		$1.inheritsSet = null
		$1.scope = application/xml
		$0.XmlFormattingPolicy = $2
		$2.DefaultFormat = $3
		$3.AttributesInNewLine = True
		$2.scope = application/xml
	EndGlobalSection
EndGlobal
